{
  "name": "subscription-manager",
  "version": "1.0.0",
  "lockfileVersion": 3,
  "requires": true,
  "packages": {
    "": {
      "name": "subscription-manager",
      "version": "1.0.0",
      "license": "ISC",
      "workspaces": [
        "webapp",
        "server"
      ]
    },
    "node_modules/server": {
      "resolved": "server",
      "link": true
    },
    "node_modules/webapp": {
      "resolved": "webapp",
      "link": true
    },
    "server": {
      "version": "1.0.0",
      "license": "ISC"
    },
    "webapp": {
      "version": "1.0.0",
      "license": "ISC"
    }
  }
}
